{
  "name": "project4_paint_js",
  "lockfileVersion": 2,
  "requires": true,
  "packages": {
    "": {
      "dependencies": {
        "file-saver": "^2.0.5",
        "spectrum-colorpicker": "^1.8.1"
      }
    },
    "node_modules/file-saver": {
      "version": "2.0.5",
      "resolved": "https://registry.npmjs.org/file-saver/-/file-saver-2.0.5.tgz",
      "integrity": "sha512-P9bmyZ3h/PRG+Nzga+rbdI4OEpNDzAVyy74uVO9ATgzLK6VtAsYybF/+TOCvrc0MO793d6+42lLyZTw7/ArVzA=="
    },
    "node_modules/spectrum-colorpicker": {
      "version": "1.8.1",
      "resolved": "https://registry.npmjs.org/spectrum-colorpicker/-/spectrum-colorpicker-1.8.1.tgz",
      "integrity": "sha512-x1picQ5giVso71ESII7jZ3+ZFdit8WthNkzwJqLNdPDPzrltKUQGpTohWyPfSAID+bK1zGdO6bDbSh1S6GoLYA=="
    }
  },
  "dependencies": {
    "file-saver": {
      "version": "2.0.5",
      "resolved": "https://registry.npmjs.org/file-saver/-/file-saver-2.0.5.tgz",
      "integrity": "sha512-P9bmyZ3h/PRG+Nzga+rbdI4OEpNDzAVyy74uVO9ATgzLK6VtAsYybF/+TOCvrc0MO793d6+42lLyZTw7/ArVzA=="
    },
    "spectrum-colorpicker": {
      "version": "1.8.1",
      "resolved": "https://registry.npmjs.org/spectrum-colorpicker/-/spectrum-colorpicker-1.8.1.tgz",
      "integrity": "sha512-x1picQ5giVso71ESII7jZ3+ZFdit8WthNkzwJqLNdPDPzrltKUQGpTohWyPfSAID+bK1zGdO6bDbSh1S6GoLYA=="
    }
  }
}
